
Microsoft Visual Studio Solution File, Format Version 12.00
# Visual Studio Version 17
VisualStudioVersion = 17.7.34202.233
MinimumVisualStudioVersion = 10.0.40219.1
Project("{FAE04EC0-301F-11D3-BF4B-00C04F79EFBC}") = "projeSınıf", "projeSınıf\projeSınıf.csproj", "{BBBF5BEB-645F-4DDD-AC72-61711C75740A}"
EndProject
Global
	GlobalSection(SolutionConfigurationPlatforms) = preSolution
		Debug|Any CPU = Debug|Any CPU
		Release|Any CPU = Release|Any CPU
	EndGlobalSection
	GlobalSection(ProjectConfigurationPlatforms) = postSolution
		{BBBF5BEB-645F-4DDD-AC72-61711C75740A}.Debug|Any CPU.ActiveCfg = Debug|Any CPU
		{BBBF5BEB-645F-4DDD-AC72-61711C75740A}.Debug|Any CPU.Build.0 = Debug|Any CPU
		{BBBF5BEB-645F-4DDD-AC72-61711C75740A}.Release|Any CPU.ActiveCfg = Release|Any CPU
		{BBBF5BEB-645F-4DDD-AC72-61711C75740A}.Release|Any CPU.Build.0 = Release|Any CPU
	EndGlobalSection
	GlobalSection(SolutionProperties) = preSolution
		HideSolutionNode = FALSE
	EndGlobalSection
	GlobalSection(ExtensibilityGlobals) = postSolution
		SolutionGuid = {5476D7E3-8760-408D-A998-7EFEDA370D1B}
	EndGlobalSection
EndGlobal
